
Microsoft Visual Studio Solution File, Format Version 12.00
# Visual Studio Version 16
VisualStudioVersion = 16.0.29230.47
MinimumVisualStudioVersion = 10.0.40219.1
Project("{8BC9CEB8-8B4A-11D0-8D11-00A0C91BC942}") = "DataCompress", "DataCompress.vcxproj", "{2089313A-EEF5-4898-97C6-BDE98C61100B}"
EndProject
Global
	GlobalSection(SolutionConfigurationPlatforms) = preSolution
		Debug_Comp|x64 = Debug_Comp|x64
		Debug_Comp|x86 = Debug_Comp|x86
		Debug_CompImage|x64 = Debug_CompImage|x64
		Debug_CompImage|x86 = Debug_CompImage|x86
		Debug_Decomp|x64 = Debug_Decomp|x64
		Debug_Decomp|x86 = Debug_Decomp|x86
		Debug_DecompImage|x64 = Debug_DecompImage|x64
		Debug_DecompImage|x86 = Debug_DecompImage|x86
		Release_Comp|x64 = Release_Comp|x64
		Release_Comp|x86 = Release_Comp|x86
		Release_Decomp|x64 = Release_Decomp|x64
		Release_Decomp|x86 = Release_Decomp|x86
	EndGlobalSection
	GlobalSection(ProjectConfigurationPlatforms) = postSolution
		{2089313A-EEF5-4898-97C6-BDE98C61100B}.Debug_Comp|x64.ActiveCfg = Debug_Comp|x64
		{2089313A-EEF5-4898-97C6-BDE98C61100B}.Debug_Comp|x64.Build.0 = Debug_Comp|x64
		{2089313A-EEF5-4898-97C6-BDE98C61100B}.Debug_Comp|x86.ActiveCfg = Debug_Comp|Win32
		{2089313A-EEF5-4898-97C6-BDE98C61100B}.Debug_Comp|x86.Build.0 = Debug_Comp|Win32
		{2089313A-EEF5-4898-97C6-BDE98C61100B}.Debug_CompImage|x64.ActiveCfg = Debug_CompImage|x64
		{2089313A-EEF5-4898-97C6-BDE98C61100B}.Debug_CompImage|x64.Build.0 = Debug_CompImage|x64
		{2089313A-EEF5-4898-97C6-BDE98C61100B}.Debug_CompImage|x86.ActiveCfg = Debug_CompImage|Win32
		{2089313A-EEF5-4898-97C6-BDE98C61100B}.Debug_CompImage|x86.Build.0 = Debug_CompImage|Win32
		{2089313A-EEF5-4898-97C6-BDE98C61100B}.Debug_Decomp|x64.ActiveCfg = Debug_Decomp|x64
		{2089313A-EEF5-4898-97C6-BDE98C61100B}.Debug_Decomp|x64.Build.0 = Debug_Decomp|x64
		{2089313A-EEF5-4898-97C6-BDE98C61100B}.Debug_Decomp|x86.ActiveCfg = Debug_Decomp|Win32
		{2089313A-EEF5-4898-97C6-BDE98C61100B}.Debug_Decomp|x86.Build.0 = Debug_Decomp|Win32
		{2089313A-EEF5-4898-97C6-BDE98C61100B}.Debug_DecompImage|x64.ActiveCfg = Debug_DecompImage|x64
		{2089313A-EEF5-4898-97C6-BDE98C61100B}.Debug_DecompImage|x64.Build.0 = Debug_DecompImage|x64
		{2089313A-EEF5-4898-97C6-BDE98C61100B}.Debug_DecompImage|x86.ActiveCfg = Debug_DecompImage|Win32
		{2089313A-EEF5-4898-97C6-BDE98C61100B}.Debug_DecompImage|x86.Build.0 = Debug_DecompImage|Win32
		{2089313A-EEF5-4898-97C6-BDE98C61100B}.Release_Comp|x64.ActiveCfg = Release_Comp|x64
		{2089313A-EEF5-4898-97C6-BDE98C61100B}.Release_Comp|x64.Build.0 = Release_Comp|x64
		{2089313A-EEF5-4898-97C6-BDE98C61100B}.Release_Comp|x86.ActiveCfg = Release_Comp|Win32
		{2089313A-EEF5-4898-97C6-BDE98C61100B}.Release_Comp|x86.Build.0 = Release_Comp|Win32
		{2089313A-EEF5-4898-97C6-BDE98C61100B}.Release_Decomp|x64.ActiveCfg = Release_Decomp|x64
		{2089313A-EEF5-4898-97C6-BDE98C61100B}.Release_Decomp|x64.Build.0 = Release_Decomp|x64
		{2089313A-EEF5-4898-97C6-BDE98C61100B}.Release_Decomp|x86.ActiveCfg = Release_Decomp|Win32
		{2089313A-EEF5-4898-97C6-BDE98C61100B}.Release_Decomp|x86.Build.0 = Release_Decomp|Win32
	EndGlobalSection
	GlobalSection(SolutionProperties) = preSolution
		HideSolutionNode = FALSE
	EndGlobalSection
	GlobalSection(ExtensibilityGlobals) = postSolution
		SolutionGuid = {3A9558D2-B483-42B4-9903-DB965B54A145}
	EndGlobalSection
EndGlobal
